
Microsoft Visual Studio Solution File, Format Version 12.00
# Visual Studio Version 16
VisualStudioVersion = 25.0.1705.2
MinimumVisualStudioVersion = 10.0.40219.1
Project("{FAE04EC0-301F-11D3-BF4B-00C04F79EFBC}") = "Market.Android", "Market.Android\Market.Android.csproj", "{30103CAC-A280-425D-BFCA-CE56CB5E7CED}"
EndProject
Project("{FAE04EC0-301F-11D3-BF4B-00C04F79EFBC}") = "Market", "Market\Market.csproj", "{A982658A-588C-495C-A7AA-A04ED887CA84}"
EndProject
Global
	GlobalSection(SolutionConfigurationPlatforms) = preSolution
		Debug|Any CPU = Debug|Any CPU
		Release|Any CPU = Release|Any CPU
	EndGlobalSection
	GlobalSection(ProjectConfigurationPlatforms) = postSolution
		{30103CAC-A280-425D-BFCA-CE56CB5E7CED}.Debug|Any CPU.ActiveCfg = Debug|Any CPU
		{30103CAC-A280-425D-BFCA-CE56CB5E7CED}.Debug|Any CPU.Build.0 = Debug|Any CPU
		{30103CAC-A280-425D-BFCA-CE56CB5E7CED}.Release|Any CPU.ActiveCfg = Release|Any CPU
		{30103CAC-A280-425D-BFCA-CE56CB5E7CED}.Release|Any CPU.Build.0 = Release|Any CPU
		{A982658A-588C-495C-A7AA-A04ED887CA84}.Debug|Any CPU.ActiveCfg = Debug|Any CPU
		{A982658A-588C-495C-A7AA-A04ED887CA84}.Debug|Any CPU.Build.0 = Debug|Any CPU
		{A982658A-588C-495C-A7AA-A04ED887CA84}.Release|Any CPU.ActiveCfg = Release|Any CPU
		{A982658A-588C-495C-A7AA-A04ED887CA84}.Release|Any CPU.Build.0 = Release|Any CPU
	EndGlobalSection
	GlobalSection(SolutionProperties) = preSolution
		HideSolutionNode = FALSE
	EndGlobalSection
	GlobalSection(ExtensibilityGlobals) = postSolution
		SolutionGuid = {03BDFF57-C72D-45EE-9D0D-C233C1C00C88}
	EndGlobalSection
EndGlobal
